
Microsoft Visual Studio Solution File, Format Version 12.00
# Visual Studio Version 16
VisualStudioVersion = 16.0.29806.167
MinimumVisualStudioVersion = 10.0.40219.1
Project("{9A19103F-16F7-4668-BE54-9A1E7A4F7556}") = "MiniRedux", "src\MiniRedux\MiniRedux.csproj", "{D58F84C0-F51E-4AB9-9C31-B4040E737E50}"
EndProject
Project("{FAE04EC0-301F-11D3-BF4B-00C04F79EFBC}") = "MiniRedux.Tests", "src\MiniRedux.Tests\MiniRedux.Tests.csproj", "{D2573C06-CE72-495B-80C4-B9621E7A1676}"
EndProject
Global
	GlobalSection(SolutionConfigurationPlatforms) = preSolution
		Debug|Any CPU = Debug|Any CPU
		Release|Any CPU = Release|Any CPU
	EndGlobalSection
	GlobalSection(ProjectConfigurationPlatforms) = postSolution
		{D58F84C0-F51E-4AB9-9C31-B4040E737E50}.Debug|Any CPU.ActiveCfg = Debug|Any CPU
		{D58F84C0-F51E-4AB9-9C31-B4040E737E50}.Debug|Any CPU.Build.0 = Debug|Any CPU
		{D58F84C0-F51E-4AB9-9C31-B4040E737E50}.Release|Any CPU.ActiveCfg = Release|Any CPU
		{D58F84C0-F51E-4AB9-9C31-B4040E737E50}.Release|Any CPU.Build.0 = Release|Any CPU
		{D2573C06-CE72-495B-80C4-B9621E7A1676}.Debug|Any CPU.ActiveCfg = Debug|Any CPU
		{D2573C06-CE72-495B-80C4-B9621E7A1676}.Debug|Any CPU.Build.0 = Debug|Any CPU
		{D2573C06-CE72-495B-80C4-B9621E7A1676}.Release|Any CPU.ActiveCfg = Release|Any CPU
		{D2573C06-CE72-495B-80C4-B9621E7A1676}.Release|Any CPU.Build.0 = Release|Any CPU
	EndGlobalSection
	GlobalSection(SolutionProperties) = preSolution
		HideSolutionNode = FALSE
	EndGlobalSection
	GlobalSection(ExtensibilityGlobals) = postSolution
		SolutionGuid = {AA88E760-88AF-4D13-B3D6-C84EF4CAB56D}
	EndGlobalSection
EndGlobal
